Microsoft Visual Studio Solution File, Format Version 12.00
# Visual Studio Version 17
VisualStudioVersion = 17.13.35919.96
MinimumVisualStudioVersion = 10.0.40219.1
Project("{FAE04EC0-301F-11D3-BF4B-00C04F79EFBC}") = "Flux2DEditor.Domain", "src\Flux2DEditor.Domain\Flux2DEditor.Domain.csproj", "{D0E615A9-895E-54A2-95E4-3DE31A5F4EDD}"
EndProject
Project("{FAE04EC0-301F-11D3-BF4B-00C04F79EFBC}") = "Flux2DEditor.Application", "src\Flux2DEditor.Application\Flux2DEditor.Application.csproj", "{CEA0744A-0D49-C4FB-AC59-F438ACEDF4A6}"
EndProject
Project("{FAE04EC0-301F-11D3-BF4B-00C04F79EFBC}") = "Flux2DEditor.Presentation.WinForms", "src\Flux2DEditor.Presentation.WinForms\Flux2DEditor.Presentation.WinForms.csproj", "{16936D91-9EF7-8653-C346-84FFE6DE677A}"
EndProject
Global
	GlobalSection(SolutionConfigurationPlatforms) = preSolution
		Debug|Any CPU = Debug|Any CPU
		Release|Any CPU = Release|Any CPU
	EndGlobalSection
	GlobalSection(ProjectConfigurationPlatforms) = postSolution
		{D0E615A9-895E-54A2-95E4-3DE31A5F4EDD}.Debug|Any CPU.ActiveCfg = Debug|Any CPU
		{D0E615A9-895E-54A2-95E4-3DE31A5F4EDD}.Debug|Any CPU.Build.0 = Debug|Any CPU
		{D0E615A9-895E-54A2-95E4-3DE31A5F4EDD}.Release|Any CPU.ActiveCfg = Release|Any CPU
		{D0E615A9-895E-54A2-95E4-3DE31A5F4EDD}.Release|Any CPU.Build.0 = Release|Any CPU
		{CEA0744A-0D49-C4FB-AC59-F438ACEDF4A6}.Debug|Any CPU.ActiveCfg = Debug|Any CPU
		{CEA0744A-0D49-C4FB-AC59-F438ACEDF4A6}.Debug|Any CPU.Build.0 = Debug|Any CPU
		{CEA0744A-0D49-C4FB-AC59-F438ACEDF4A6}.Release|Any CPU.ActiveCfg = Release|Any CPU
		{CEA0744A-0D49-C4FB-AC59-F438ACEDF4A6}.Release|Any CPU.Build.0 = Release|Any CPU
		{16936D91-9EF7-8653-C346-84FFE6DE677A}.Debug|Any CPU.ActiveCfg = Debug|Any CPU
		{16936D91-9EF7-8653-C346-84FFE6DE677A}.Debug|Any CPU.Build.0 = Debug|Any CPU
		{16936D91-9EF7-8653-C346-84FFE6DE677A}.Release|Any CPU.ActiveCfg = Release|Any CPU
		{16936D91-9EF7-8653-C346-84FFE6DE677A}.Release|Any CPU.Build.0 = Release|Any CPU
	EndGlobalSection
	GlobalSection(SolutionProperties) = preSolution
		HideSolutionNode = FALSE
	EndGlobalSection
	GlobalSection(ExtensibilityGlobals) = postSolution
		SolutionGuid = {48DFFF04-C54C-4CE0-AB1C-54728022DF45}
	EndGlobalSection
EndGlobal
