Microsoft Visual Studio Solution File, Format Version 12.00
# Visual Studio Version 17
VisualStudioVersion = 17.13.35919.96
MinimumVisualStudioVersion = 10.0.40219.1
Project("{FAE04EC0-301F-11D3-BF4B-00C04F79EFBC}") = "Flux2DEditor", "src\Flux2DEditor\Flux2DEditor.csproj", "{BF567AA9-6548-4177-9B9A-0C6E82031474}"
EndProject
Global
	GlobalSection(SolutionConfigurationPlatforms) = preSolution
		Debug|Any CPU = Debug|Any CPU
		Release|Any CPU = Release|Any CPU
	EndGlobalSection
	GlobalSection(ProjectConfigurationPlatforms) = postSolution
		{BF567AA9-6548-4177-9B9A-0C6E82031474}.Debug|Any CPU.ActiveCfg = Debug|Any CPU
		{BF567AA9-6548-4177-9B9A-0C6E82031474}.Debug|Any CPU.Build.0 = Debug|Any CPU
		{BF567AA9-6548-4177-9B9A-0C6E82031474}.Release|Any CPU.ActiveCfg = Release|Any CPU
		{BF567AA9-6548-4177-9B9A-0C6E82031474}.Release|Any CPU.Build.0 = Release|Any CPU
	EndGlobalSection
	GlobalSection(SolutionProperties) = preSolution
		HideSolutionNode = FALSE
	EndGlobalSection
	GlobalSection(ExtensibilityGlobals) = postSolution
		SolutionGuid = {48DFFF04-C54C-4CE0-AB1C-54728022DF45}
	EndGlobalSection
EndGlobal
